version: 6
environments:
  default:
    channels:
    - url: https://conda.anaconda.org/conda-forge/
    packages:
      win-64:
      - conda: https://conda.anaconda.org/conda-forge/win-64/nodejs-22.13.0-hfeaa22a_0.conda
packages:
- conda: https://conda.anaconda.org/conda-forge/win-64/nodejs-22.13.0-hfeaa22a_0.conda
  sha256: 2e72f510715960a0579a2a5452104d20044e8ba74742b87899e24c11cb72d578
  md5: bd7dde69cfd032aec6ba645297315aff
  arch: x86_64
  platform: win
  license: MIT
  license_family: MIT
  size: 26232097
  timestamp: 1737384238153
